
Microsoft Visual Studio Solution File, Format Version 12.00
# Visual Studio Version 17
VisualStudioVersion = 17.13.35818.85 d17.13
MinimumVisualStudioVersion = 10.0.40219.1
Project("{FAE04EC0-301F-11D3-BF4B-00C04F79EFBC}") = "ChineseFood", "ChineseFood.csproj", "{732A5400-AE08-4C56-B54F-C03CB59EF8F7}"
EndProject
Global
	GlobalSection(SolutionConfigurationPlatforms) = preSolution
		Debug|Any CPU = Debug|Any CPU
		Release|Any CPU = Release|Any CPU
	EndGlobalSection
	GlobalSection(ProjectConfigurationPlatforms) = postSolution
		{732A5400-AE08-4C56-B54F-C03CB59EF8F7}.Debug|Any CPU.ActiveCfg = Debug|Any CPU
		{732A5400-AE08-4C56-B54F-C03CB59EF8F7}.Debug|Any CPU.Build.0 = Debug|Any CPU
		{732A5400-AE08-4C56-B54F-C03CB59EF8F7}.Release|Any CPU.ActiveCfg = Release|Any CPU
		{732A5400-AE08-4C56-B54F-C03CB59EF8F7}.Release|Any CPU.Build.0 = Release|Any CPU
	EndGlobalSection
	GlobalSection(SolutionProperties) = preSolution
		HideSolutionNode = FALSE
	EndGlobalSection
	GlobalSection(ExtensibilityGlobals) = postSolution
		SolutionGuid = {2B6B7B9D-F7C6-4ACC-9AC3-6272B6FEF25F}
	EndGlobalSection
EndGlobal
